
Microsoft Visual Studio Solution File, Format Version 12.00
# Visual Studio 15
VisualStudioVersion = 15.0.27004.2008
MinimumVisualStudioVersion = 10.0.40219.1
Project("{9A19103F-16F7-4668-BE54-9A1E7A4F7556}") = "Bitfinex.Net", "Bitfinex.Net\Bitfinex.Net.csproj", "{88C833A6-FD9D-46C5-B2D9-939F295ABBDA}"
EndProject
Project("{9A19103F-16F7-4668-BE54-9A1E7A4F7556}") = "Bitfinex.Net.UnitTests", "Bitfinex.Net.UnitTests\Bitfinex.Net.UnitTests.csproj", "{A8FA8115-C150-4A14-ADD9-F91C563E513D}"
EndProject
Global
	GlobalSection(SolutionConfigurationPlatforms) = preSolution
		Debug|Any CPU = Debug|Any CPU
		Release|Any CPU = Release|Any CPU
	EndGlobalSection
	GlobalSection(ProjectConfigurationPlatforms) = postSolution
		{88C833A6-FD9D-46C5-B2D9-939F295ABBDA}.Debug|Any CPU.ActiveCfg = Debug|Any CPU
		{88C833A6-FD9D-46C5-B2D9-939F295ABBDA}.Debug|Any CPU.Build.0 = Debug|Any CPU
		{88C833A6-FD9D-46C5-B2D9-939F295ABBDA}.Release|Any CPU.ActiveCfg = Release|Any CPU
		{88C833A6-FD9D-46C5-B2D9-939F295ABBDA}.Release|Any CPU.Build.0 = Release|Any CPU
		{A8FA8115-C150-4A14-ADD9-F91C563E513D}.Debug|Any CPU.ActiveCfg = Debug|Any CPU
		{A8FA8115-C150-4A14-ADD9-F91C563E513D}.Debug|Any CPU.Build.0 = Debug|Any CPU
		{A8FA8115-C150-4A14-ADD9-F91C563E513D}.Release|Any CPU.ActiveCfg = Release|Any CPU
		{A8FA8115-C150-4A14-ADD9-F91C563E513D}.Release|Any CPU.Build.0 = Release|Any CPU
	EndGlobalSection
	GlobalSection(SolutionProperties) = preSolution
		HideSolutionNode = FALSE
	EndGlobalSection
	GlobalSection(ExtensibilityGlobals) = postSolution
		SolutionGuid = {F4604A53-9B00-440A-AB4A-C30AB6679760}
	EndGlobalSection
EndGlobal
